<?xml version="1.0" encoding="utf-8"?>
<Project ToolsVersion="4.0" xmlns="http://schemas.microsoft.com/developer/msbuild/2003">
  <ItemGroup>
    <Filter Include="Source">
      <UniqueIdentifier>{2c004207-1741-4648-85bf-129a737000e7}</UniqueIdentifier>
    </Filter>
    <Filter Include="Include">
      <UniqueIdentifier>{fa2123ec-9999-4d21-9203-46ed199e55c5}</UniqueIdentifier>
    </Filter>
  </ItemGroup>
  <ItemGroup>
    <ClCompile Include="angledninepeg.cpp">
      <Filter>Source</Filter>
    </ClCompile>
  </ItemGroup>
  <ItemGroup>
    <ClInclude Include="..\..\Libraries\CRPI\crpi.h">
      <Filter>Include</Filter>
    </ClInclude>
    <ClInclude Include="..\..\Libraries\CRPI\crpi_kuka_lwr.h">
      <Filter>Include</Filter>
    </ClInclude>
    <ClInclude Include="..\..\Libraries\CRPI\crpi_robot.h">
      <Filter>Include</Filter>
    </ClInclude>
    <ClInclude Include="..\..\Libraries\CRPI\crpi_robot_xml.h">
      <Filter>Include</Filter>
    </ClInclude>
    <ClInclude Include="..\..\Libraries\CRPI\crpi_robotiq.h">
      <Filter>Include</Filter>
    </ClInclude>
    <ClInclude Include="..\..\Libraries\CRPI\crpi_schunk_sdh.h">
      <Filter>Include</Filter>
    </ClInclude>
    <ClInclude Include="..\..\Libraries\CRPI\crpi_xml.h">
      <Filter>Include</Filter>
    </ClInclude>
  </ItemGroup>
</Project>