<?xml version="1.0" encoding="utf-8"?>
<Project ToolsVersion="4.0" xmlns="http://schemas.microsoft.com/developer/msbuild/2003">
  <ItemGroup>
    <Filter Include="Source">
      <UniqueIdentifier>{be398a55-78ac-4180-ac1e-97214870a7aa}</UniqueIdentifier>
    </Filter>
    <Filter Include="Include">
      <UniqueIdentifier>{8c7828ad-6999-4d71-946e-56ff9dca95aa}</UniqueIdentifier>
    </Filter>
  </ItemGroup>
  <ItemGroup>
    <ClCompile Include="5RobotAssembly.cpp">
      <Filter>Source</Filter>
    </ClCompile>
  </ItemGroup>
</Project>