<?xml version="1.0" encoding="utf-8"?>
<Project ToolsVersion="4.0" xmlns="http://schemas.microsoft.com/developer/msbuild/2003">
  <ItemGroup>
    <Filter Include="Include">
      <UniqueIdentifier>{d87eb51d-c1f8-486e-a969-eab9202f5da9}</UniqueIdentifier>
    </Filter>
    <Filter Include="Source">
      <UniqueIdentifier>{c55f46db-9f19-4693-8797-132df1b3c0ab}</UniqueIdentifier>
    </Filter>
  </ItemGroup>
  <ItemGroup>
    <ClCompile Include="registrationtest.cpp">
      <Filter>Source</Filter>
    </ClCompile>
  </ItemGroup>
</Project>