<?xml version="1.0" encoding="utf-8"?>
<Project ToolsVersion="4.0" xmlns="http://schemas.microsoft.com/developer/msbuild/2003">
  <ItemGroup>
    <ClCompile Include="SimulatorInterface.cpp">
      <Filter>Source</Filter>
    </ClCompile>
    <ClCompile Include="GeneticAlgorithm.cpp">
      <Filter>Source</Filter>
    </ClCompile>
  </ItemGroup>
  <ItemGroup>
    <ClInclude Include="..\..\Program Files\Microsoft Visual Studio\VC98\Include\BASETSD.H" />
    <ClInclude Include="..\types.h">
      <Filter>Include</Filter>
    </ClInclude>
    <ClInclude Include="GeneticAlgorithm.h">
      <Filter>Include</Filter>
    </ClInclude>
    <ClInclude Include="..\portable.h">
      <Filter>Include</Filter>
    </ClInclude>
    <ClInclude Include="SimulatorInterface.h">
      <Filter>Include</Filter>
    </ClInclude>
  </ItemGroup>
  <ItemGroup>
    <Filter Include="Include">
      <UniqueIdentifier>{1297f9d5-9d49-49f8-938b-d023d4ce9890}</UniqueIdentifier>
    </Filter>
    <Filter Include="Source">
      <UniqueIdentifier>{84bc2f50-a35a-419e-bc86-9c7fbc7563b7}</UniqueIdentifier>
    </Filter>
  </ItemGroup>
</Project>