<?xml version="1.0" encoding="utf-8"?>
<Project ToolsVersion="4.0" xmlns="http://schemas.microsoft.com/developer/msbuild/2003">
  <ItemGroup>
    <ClInclude Include="..\..\..\..\Program Files\Microsoft Visual Studio\VC98\Include\BASETSD.H">
      <Filter>Include</Filter>
    </ClInclude>
    <ClInclude Include="..\..\Libraries\ulapi\src\ulapi.h">
      <Filter>Include</Filter>
    </ClInclude>
  </ItemGroup>
  <ItemGroup>
    <Filter Include="Include">
      <UniqueIdentifier>{45632d92-9060-4daf-9662-5bb3e3fc2810}</UniqueIdentifier>
    </Filter>
    <Filter Include="Source">
      <UniqueIdentifier>{11133e8c-0bcd-4882-b93d-0a5a12388a89}</UniqueIdentifier>
    </Filter>
  </ItemGroup>
  <ItemGroup>
    <ClCompile Include="PingPong.cpp">
      <Filter>Source</Filter>
    </ClCompile>
  </ItemGroup>
</Project>