<?xml version="1.0" encoding="utf-8"?>
<Project ToolsVersion="4.0" xmlns="http://schemas.microsoft.com/developer/msbuild/2003">
  <ItemGroup>
    <Filter Include="Source Files">
      <UniqueIdentifier>{910e1441-76f1-4648-89a7-bed03ef9b5c8}</UniqueIdentifier>
    </Filter>
    <Filter Include="Include">
      <UniqueIdentifier>{c9505c8d-cd03-4882-af43-4b693441021f}</UniqueIdentifier>
    </Filter>
  </ItemGroup>
  <ItemGroup>
    <ClCompile Include="AR-Interface.cpp">
      <Filter>Source Files</Filter>
    </ClCompile>
  </ItemGroup>
  <ItemGroup>
    <ClInclude Include="..\..\Libraries\CRPI\crpi_xml.h">
      <Filter>Include</Filter>
    </ClInclude>
    <ClInclude Include="..\..\Libraries\CRPI\crpi.h">
      <Filter>Include</Filter>
    </ClInclude>
    <ClInclude Include="..\..\Libraries\CRPI\crpi_robot.h">
      <Filter>Include</Filter>
    </ClInclude>
    <ClInclude Include="..\..\Libraries\CRPI\crpi_robot_xml.h">
      <Filter>Include</Filter>
    </ClInclude>
    <ClInclude Include="..\..\Libraries\CRPI\crpi_robotiq.h">
      <Filter>Include</Filter>
    </ClInclude>
    <ClInclude Include="..\..\Libraries\CRPI\crpi_universal.h">
      <Filter>Include</Filter>
    </ClInclude>
  </ItemGroup>
</Project>