
Microsoft Visual Studio Solution File, Format Version 11.00
# Visual C++ Express 2010
Project("{8BC9CEB8-8B4A-11D0-8D11-00A0C91BC942}") = "SDH_Joint_Control", "SDH_Joint_Control.vcxproj", "{303F6A26-76C3-42AA-B784-3E0F7C7F355B}"
EndProject
Global
	GlobalSection(SolutionConfigurationPlatforms) = preSolution
		Debug|Win32 = Debug|Win32
		Release|Win32 = Release|Win32
	EndGlobalSection
	GlobalSection(ProjectConfigurationPlatforms) = postSolution
		{303F6A26-76C3-42AA-B784-3E0F7C7F355B}.Debug|Win32.ActiveCfg = Debug|Win32
		{303F6A26-76C3-42AA-B784-3E0F7C7F355B}.Debug|Win32.Build.0 = Debug|Win32
		{303F6A26-76C3-42AA-B784-3E0F7C7F355B}.Release|Win32.ActiveCfg = Release|Win32
		{303F6A26-76C3-42AA-B784-3E0F7C7F355B}.Release|Win32.Build.0 = Release|Win32
	EndGlobalSection
	GlobalSection(SolutionProperties) = preSolution
		HideSolutionNode = FALSE
	EndGlobalSection
EndGlobal
