<?xml version="1.0" encoding="utf-8"?>
<Project ToolsVersion="4.0" xmlns="http://schemas.microsoft.com/developer/msbuild/2003">
  <ItemGroup>
    <Filter Include="Source Files">
      <UniqueIdentifier>{4FC737F1-C7A5-4376-A066-2A32D752A2FF}</UniqueIdentifier>
      <Extensions>cpp;c;cc;cxx;def;odl;idl;hpj;bat;asm;asmx</Extensions>
    </Filter>
    <Filter Include="Header Files">
      <UniqueIdentifier>{93995380-89BD-4b04-88EB-625FBE52EBFB}</UniqueIdentifier>
      <Extensions>h;hpp;hxx;hm;inl;inc;xsd</Extensions>
    </Filter>
    <Filter Include="Resource Files">
      <UniqueIdentifier>{67DA6AB6-F800-4c08-8B7A-83BB121AAD01}</UniqueIdentifier>
      <Extensions>rc;ico;cur;bmp;dlg;rc2;rct;bin;rgs;gif;jpg;jpeg;jpe;resx;tiff;tif;png;wav;mfcribbon-ms</Extensions>
    </Filter>
  </ItemGroup>
  <ItemGroup>
    <ClInclude Include="..\Schunk_Hand_Control\include\sdhoptions.h">
      <Filter>Header Files</Filter>
    </ClInclude>
    <ClInclude Include="..\Schunk_Hand_Control\include\simpletime.h">
      <Filter>Header Files</Filter>
    </ClInclude>
    <ClInclude Include="..\Schunk_Hand_Control\include\getopt.h">
      <Filter>Header Files</Filter>
    </ClInclude>
    <ClInclude Include="..\Schunk_Hand_Control\include\dsaboost.h">
      <Filter>Header Files</Filter>
    </ClInclude>
    <ClInclude Include="..\Schunk_Hand_Control\include\cheetah.h">
      <Filter>Header Files</Filter>
    </ClInclude>
  </ItemGroup>
  <ItemGroup>
    <Library Include="..\Schunk_Hand_Control\lib\SDHLibrary.lib" />
  </ItemGroup>
  <ItemGroup>
    <ClCompile Include="..\Schunk_Hand_Control\src\cheetah.c">
      <Filter>Source Files</Filter>
    </ClCompile>
    <ClCompile Include="..\Schunk_Hand_Control\src\dsaboost.cpp">
      <Filter>Source Files</Filter>
    </ClCompile>
    <ClCompile Include="..\Schunk_Hand_Control\src\getopt.c">
      <Filter>Source Files</Filter>
    </ClCompile>
    <ClCompile Include="..\Schunk_Hand_Control\src\getopt1.c">
      <Filter>Source Files</Filter>
    </ClCompile>
    <ClCompile Include="..\Schunk_Hand_Control\src\sdhoptions.cpp">
      <Filter>Source Files</Filter>
    </ClCompile>
    <ClCompile Include="SDH_Joint_Control.cpp">
      <Filter>Source Files</Filter>
    </ClCompile>
  </ItemGroup>
</Project>