<?xml version="1.0" encoding="utf-8"?>
<Project ToolsVersion="4.0" xmlns="http://schemas.microsoft.com/developer/msbuild/2003">
  <ItemGroup>
    <ClCompile Include="Numerical\Numerical.cpp">
      <Filter>Source</Filter>
    </ClCompile>
    <ClCompile Include="Biological\hhneuron.cpp">
      <Filter>Source</Filter>
    </ClCompile>
  </ItemGroup>
  <ItemGroup>
    <ClInclude Include="..\..\portable.h">
      <Filter>Include</Filter>
    </ClInclude>
    <ClInclude Include="Numerical\Numerical.h">
      <Filter>Include</Filter>
    </ClInclude>
    <ClInclude Include="Biological\hhneuron.h">
      <Filter>Include</Filter>
    </ClInclude>
  </ItemGroup>
  <ItemGroup>
    <Filter Include="Include">
      <UniqueIdentifier>{a67db050-ab3c-4844-aaba-328f9f3b8add}</UniqueIdentifier>
    </Filter>
    <Filter Include="Source">
      <UniqueIdentifier>{16408df4-0be6-47cd-8fb7-f51f4c23a879}</UniqueIdentifier>
    </Filter>
  </ItemGroup>
</Project>