<?xml version="1.0" encoding="utf-8"?>
<Project ToolsVersion="4.0" xmlns="http://schemas.microsoft.com/developer/msbuild/2003">
  <ItemGroup>
    <Filter Include="Include">
      <UniqueIdentifier>{a7c508f9-1228-4251-b9ac-c72697b892e9}</UniqueIdentifier>
    </Filter>
    <Filter Include="Source">
      <UniqueIdentifier>{cb90d7c5-9123-40b4-b9aa-12619b445994}</UniqueIdentifier>
    </Filter>
  </ItemGroup>
  <ItemGroup>
    <ClCompile Include="unittest.cpp">
      <Filter>Source</Filter>
    </ClCompile>
  </ItemGroup>
</Project>