
Microsoft Visual Studio Solution File, Format Version 12.00
# Visual Studio Version 17
VisualStudioVersion = 17.14.36203.30 d17.14
MinimumVisualStudioVersion = 10.0.40219.1
Project("{8BC9CEB8-8B4A-11D0-8D11-00A0C91BC942}") = "ulapi", "ulapi_VS2015.vcxproj", "{6E3B2017-6E91-4498-B475-9221EF9B0C1C}"
EndProject
Global
	GlobalSection(SolutionConfigurationPlatforms) = preSolution
		Debug|x64 = Debug|x64
		Debug|x86 = Debug|x86
		Release|x64 = Release|x64
		Release|x86 = Release|x86
	EndGlobalSection
	GlobalSection(ProjectConfigurationPlatforms) = postSolution
		{6E3B2017-6E91-4498-B475-9221EF9B0C1C}.Debug|x64.ActiveCfg = Debug|x64
		{6E3B2017-6E91-4498-B475-9221EF9B0C1C}.Debug|x64.Build.0 = Debug|x64
		{6E3B2017-6E91-4498-B475-9221EF9B0C1C}.Debug|x86.ActiveCfg = Debug|Win32
		{6E3B2017-6E91-4498-B475-9221EF9B0C1C}.Debug|x86.Build.0 = Debug|Win32
		{6E3B2017-6E91-4498-B475-9221EF9B0C1C}.Release|x64.ActiveCfg = Release|x64
		{6E3B2017-6E91-4498-B475-9221EF9B0C1C}.Release|x64.Build.0 = Release|x64
		{6E3B2017-6E91-4498-B475-9221EF9B0C1C}.Release|x86.ActiveCfg = Release|Win32
		{6E3B2017-6E91-4498-B475-9221EF9B0C1C}.Release|x86.Build.0 = Release|Win32
	EndGlobalSection
	GlobalSection(SolutionProperties) = preSolution
		HideSolutionNode = FALSE
	EndGlobalSection
	GlobalSection(ExtensibilityGlobals) = postSolution
		SolutionGuid = {D2D0DA39-1274-4BEE-9B73-44AE0EB5961B}
	EndGlobalSection
EndGlobal
