<?xml version="1.0" encoding="utf-8"?>
<Project ToolsVersion="4.0" xmlns="http://schemas.microsoft.com/developer/msbuild/2003">
  <ItemGroup>
    <Filter Include="Include">
      <UniqueIdentifier>{8edaac0e-25fb-45c9-bd23-694370c2ccc6}</UniqueIdentifier>
    </Filter>
    <Filter Include="Source">
      <UniqueIdentifier>{51fd0e17-66fc-4eb4-acc0-50889e1b0ae1}</UniqueIdentifier>
    </Filter>
  </ItemGroup>
  <ItemGroup>
    <ClCompile Include="ArmHandDemo.cpp">
      <Filter>Source</Filter>
    </ClCompile>
  </ItemGroup>
</Project>